
Microsoft Visual Studio Solution File, Format Version 12.00
# Visual Studio Version 17
VisualStudioVersion = 17.0.32112.339
MinimumVisualStudioVersion = 10.0.40219.1
Project("{FAE04EC0-301F-11D3-BF4B-00C04F79EFBC}") = "Lab2", "Lab2\Lab2.csproj", "{F6E41E8D-E3AC-4E8B-85CA-C5DB2CF8202A}"
EndProject
Global
	GlobalSection(SolutionConfigurationPlatforms) = preSolution
		Debug|Any CPU = Debug|Any CPU
		Release|Any CPU = Release|Any CPU
	EndGlobalSection
	GlobalSection(ProjectConfigurationPlatforms) = postSolution
		{F6E41E8D-E3AC-4E8B-85CA-C5DB2CF8202A}.Debug|Any CPU.ActiveCfg = Debug|Any CPU
		{F6E41E8D-E3AC-4E8B-85CA-C5DB2CF8202A}.Debug|Any CPU.Build.0 = Debug|Any CPU
		{F6E41E8D-E3AC-4E8B-85CA-C5DB2CF8202A}.Release|Any CPU.ActiveCfg = Release|Any CPU
		{F6E41E8D-E3AC-4E8B-85CA-C5DB2CF8202A}.Release|Any CPU.Build.0 = Release|Any CPU
	EndGlobalSection
	GlobalSection(SolutionProperties) = preSolution
		HideSolutionNode = FALSE
	EndGlobalSection
	GlobalSection(ExtensibilityGlobals) = postSolution
		SolutionGuid = {BDB72B2F-2A0F-4B67-B759-F6758D6678DF}
	EndGlobalSection
EndGlobal
